# This file is autogenerated, do not edit; changes may be undone by the next 'dep ensure'.


[[projects]]
  branch = "master"
  name = "github.com/hypebeast/go-osc"
  packages = ["osc"]
  revision = "592fa95c06c9545c783966963785f74e4a088d6a"

[solve-meta]
  analyzer-name = "dep"
  analyzer-version = 1
  inputs-digest = "79b04e963aec23f6b1faa29e2be165a291725b157cf6c2cbf8d9348f44ea7074"
  solver-name = "gps-cdcl"
  solver-version = 1
